
Microsoft Visual Studio Solution File, Format Version 12.00
# Visual Studio 15
VisualStudioVersion = 15.0.28010.2048
MinimumVisualStudioVersion = 10.0.40219.1
Project("{FAE04EC0-301F-11D3-BF4B-00C04F79EFBC}") = "CASAInterview", "CASAInterview\CASAInterview.csproj", "{CE9B5722-4546-4C2D-8FA1-41EAE9F8C9A3}"
EndProject
Global
	GlobalSection(SolutionConfigurationPlatforms) = preSolution
		Debug|Any CPU = Debug|Any CPU
		Release|Any CPU = Release|Any CPU
	EndGlobalSection
	GlobalSection(ProjectConfigurationPlatforms) = postSolution
		{CE9B5722-4546-4C2D-8FA1-41EAE9F8C9A3}.Debug|Any CPU.ActiveCfg = Debug|Any CPU
		{CE9B5722-4546-4C2D-8FA1-41EAE9F8C9A3}.Debug|Any CPU.Build.0 = Debug|Any CPU
		{CE9B5722-4546-4C2D-8FA1-41EAE9F8C9A3}.Release|Any CPU.ActiveCfg = Release|Any CPU
		{CE9B5722-4546-4C2D-8FA1-41EAE9F8C9A3}.Release|Any CPU.Build.0 = Release|Any CPU
	EndGlobalSection
	GlobalSection(SolutionProperties) = preSolution
		HideSolutionNode = FALSE
	EndGlobalSection
	GlobalSection(ExtensibilityGlobals) = postSolution
		SolutionGuid = {5636E14C-4727-4040-8027-325519E88DD7}
	EndGlobalSection
EndGlobal
